
Microsoft Visual Studio Solution File, Format Version 12.00
# Visual Studio 15
VisualStudioVersion = 15.0.26228.12
MinimumVisualStudioVersion = 10.0.40219.1
Project("{FAE04EC0-301F-11D3-BF4B-00C04F79EFBC}") = "HelloWorld", "HelloWorld\HelloWorld.csproj", "{BE468589-DE26-44E6-8CB2-5AC0FC64E224}"
EndProject
Project("{FAE04EC0-301F-11D3-BF4B-00C04F79EFBC}") = "Ch 5 Variables", "..\Ch5Variables\Ch 5 Variables\Ch 5 Variables.csproj", "{2E895E7E-B7EC-466D-907F-C6A42CF73442}"
EndProject
Project("{FAE04EC0-301F-11D3-BF4B-00C04F79EFBC}") = "Ch 6 Variables", "..\Ch 6 Variables\Ch 6 Variables.csproj", "{68D23DD6-2C84-434C-8DED-095B790E32D5}"
EndProject
Global
	GlobalSection(SolutionConfigurationPlatforms) = preSolution
		Debug|Any CPU = Debug|Any CPU
		Release|Any CPU = Release|Any CPU
	EndGlobalSection
	GlobalSection(ProjectConfigurationPlatforms) = postSolution
		{BE468589-DE26-44E6-8CB2-5AC0FC64E224}.Debug|Any CPU.ActiveCfg = Debug|Any CPU
		{BE468589-DE26-44E6-8CB2-5AC0FC64E224}.Debug|Any CPU.Build.0 = Debug|Any CPU
		{BE468589-DE26-44E6-8CB2-5AC0FC64E224}.Release|Any CPU.ActiveCfg = Release|Any CPU
		{BE468589-DE26-44E6-8CB2-5AC0FC64E224}.Release|Any CPU.Build.0 = Release|Any CPU
		{2E895E7E-B7EC-466D-907F-C6A42CF73442}.Debug|Any CPU.ActiveCfg = Debug|Any CPU
		{2E895E7E-B7EC-466D-907F-C6A42CF73442}.Debug|Any CPU.Build.0 = Debug|Any CPU
		{2E895E7E-B7EC-466D-907F-C6A42CF73442}.Release|Any CPU.ActiveCfg = Release|Any CPU
		{2E895E7E-B7EC-466D-907F-C6A42CF73442}.Release|Any CPU.Build.0 = Release|Any CPU
		{68D23DD6-2C84-434C-8DED-095B790E32D5}.Debug|Any CPU.ActiveCfg = Debug|Any CPU
		{68D23DD6-2C84-434C-8DED-095B790E32D5}.Debug|Any CPU.Build.0 = Debug|Any CPU
		{68D23DD6-2C84-434C-8DED-095B790E32D5}.Release|Any CPU.ActiveCfg = Release|Any CPU
		{68D23DD6-2C84-434C-8DED-095B790E32D5}.Release|Any CPU.Build.0 = Release|Any CPU
	EndGlobalSection
	GlobalSection(SolutionProperties) = preSolution
		HideSolutionNode = FALSE
	EndGlobalSection
EndGlobal
